
Microsoft Visual Studio Solution File, Format Version 12.00
# Visual Studio 15
VisualStudioVersion = 15.0.28307.1525
MinimumVisualStudioVersion = 10.0.40219.1
Project("{8BC9CEB8-8B4A-11D0-8D11-00A0C91BC942}") = "Gl_wuziqi", "Gl_wuziqi\Gl_wuziqi.vcxproj", "{9D357552-A666-448C-934B-9EE728422BE5}"
	ProjectSection(ProjectDependencies) = postProject
		{926E0926-1868-4EBD-AD18-D70F29E5B1FD} = {926E0926-1868-4EBD-AD18-D70F29E5B1FD}
		{D239E854-8DA5-44D2-8A63-DDE90D3D2958} = {D239E854-8DA5-44D2-8A63-DDE90D3D2958}
		{47A45B64-ECB9-4D36-BDBC-074BE01A9451} = {47A45B64-ECB9-4D36-BDBC-074BE01A9451}
		{185E4273-C397-459C-85C0-A088B916DA15} = {185E4273-C397-459C-85C0-A088B916DA15}
		{6DA9F881-96F8-4816-88C8-3A2258A19BD8} = {6DA9F881-96F8-4816-88C8-3A2258A19BD8}
		{969FE7CC-4B77-4B4D-B4E3-41E03F67FE6E} = {969FE7CC-4B77-4B4D-B4E3-41E03F67FE6E}
		{4B09FBF4-FD78-48E0-B335-99E8084F24DF} = {4B09FBF4-FD78-48E0-B335-99E8084F24DF}
	EndProjectSection
EndProject
Project("{8BC9CEB8-8B4A-11D0-8D11-00A0C91BC942}") = "CallBack", "CallBack\CallBack.vcxproj", "{969FE7CC-4B77-4B4D-B4E3-41E03F67FE6E}"
EndProject
Project("{8BC9CEB8-8B4A-11D0-8D11-00A0C91BC942}") = "DrawBoard", "DrawBoard\DrawBoard.vcxproj", "{D239E854-8DA5-44D2-8A63-DDE90D3D2958}"
EndProject
Project("{8BC9CEB8-8B4A-11D0-8D11-00A0C91BC942}") = "GlfwConfigure", "GlfwConfigure\GlfwConfigure.vcxproj", "{185E4273-C397-459C-85C0-A088B916DA15}"
EndProject
Project("{8BC9CEB8-8B4A-11D0-8D11-00A0C91BC942}") = "ShaderReader", "ShaderReader\ShaderReader.vcxproj", "{47A45B64-ECB9-4D36-BDBC-074BE01A9451}"
EndProject
Project("{8BC9CEB8-8B4A-11D0-8D11-00A0C91BC942}") = "TextureManager", "TextureManager\TextureManager.vcxproj", "{926E0926-1868-4EBD-AD18-D70F29E5B1FD}"
EndProject
Project("{8BC9CEB8-8B4A-11D0-8D11-00A0C91BC942}") = "ThirdParty", "ThirdParty\ThirdParty.vcxproj", "{4B09FBF4-FD78-48E0-B335-99E8084F24DF}"
EndProject
Project("{8BC9CEB8-8B4A-11D0-8D11-00A0C91BC942}") = "RuleWuziqi", "RuleWuziqi\RuleWuziqi.vcxproj", "{6DA9F881-96F8-4816-88C8-3A2258A19BD8}"
EndProject
Global
	GlobalSection(SolutionConfigurationPlatforms) = preSolution
		Debug|x64 = Debug|x64
		Debug|x86 = Debug|x86
		Release|x64 = Release|x64
		Release|x86 = Release|x86
	EndGlobalSection
	GlobalSection(ProjectConfigurationPlatforms) = postSolution
		{9D357552-A666-448C-934B-9EE728422BE5}.Debug|x64.ActiveCfg = Debug|x64
		{9D357552-A666-448C-934B-9EE728422BE5}.Debug|x64.Build.0 = Debug|x64
		{9D357552-A666-448C-934B-9EE728422BE5}.Debug|x86.ActiveCfg = Debug|Win32
		{9D357552-A666-448C-934B-9EE728422BE5}.Debug|x86.Build.0 = Debug|Win32
		{9D357552-A666-448C-934B-9EE728422BE5}.Release|x64.ActiveCfg = Debug|x64
		{9D357552-A666-448C-934B-9EE728422BE5}.Release|x64.Build.0 = Debug|x64
		{9D357552-A666-448C-934B-9EE728422BE5}.Release|x86.ActiveCfg = Release|Win32
		{9D357552-A666-448C-934B-9EE728422BE5}.Release|x86.Build.0 = Release|Win32
		{969FE7CC-4B77-4B4D-B4E3-41E03F67FE6E}.Debug|x64.ActiveCfg = Debug|x64
		{969FE7CC-4B77-4B4D-B4E3-41E03F67FE6E}.Debug|x64.Build.0 = Debug|x64
		{969FE7CC-4B77-4B4D-B4E3-41E03F67FE6E}.Debug|x86.ActiveCfg = Debug|Win32
		{969FE7CC-4B77-4B4D-B4E3-41E03F67FE6E}.Debug|x86.Build.0 = Debug|Win32
		{969FE7CC-4B77-4B4D-B4E3-41E03F67FE6E}.Release|x64.ActiveCfg = Debug|x64
		{969FE7CC-4B77-4B4D-B4E3-41E03F67FE6E}.Release|x64.Build.0 = Debug|x64
		{969FE7CC-4B77-4B4D-B4E3-41E03F67FE6E}.Release|x86.ActiveCfg = Release|Win32
		{969FE7CC-4B77-4B4D-B4E3-41E03F67FE6E}.Release|x86.Build.0 = Release|Win32
		{D239E854-8DA5-44D2-8A63-DDE90D3D2958}.Debug|x64.ActiveCfg = Debug|x64
		{D239E854-8DA5-44D2-8A63-DDE90D3D2958}.Debug|x64.Build.0 = Debug|x64
		{D239E854-8DA5-44D2-8A63-DDE90D3D2958}.Debug|x86.ActiveCfg = Debug|Win32
		{D239E854-8DA5-44D2-8A63-DDE90D3D2958}.Debug|x86.Build.0 = Debug|Win32
		{D239E854-8DA5-44D2-8A63-DDE90D3D2958}.Release|x64.ActiveCfg = Debug|x64
		{D239E854-8DA5-44D2-8A63-DDE90D3D2958}.Release|x64.Build.0 = Debug|x64
		{D239E854-8DA5-44D2-8A63-DDE90D3D2958}.Release|x86.ActiveCfg = Release|Win32
		{D239E854-8DA5-44D2-8A63-DDE90D3D2958}.Release|x86.Build.0 = Release|Win32
		{185E4273-C397-459C-85C0-A088B916DA15}.Debug|x64.ActiveCfg = Debug|x64
		{185E4273-C397-459C-85C0-A088B916DA15}.Debug|x64.Build.0 = Debug|x64
		{185E4273-C397-459C-85C0-A088B916DA15}.Debug|x86.ActiveCfg = Debug|Win32
		{185E4273-C397-459C-85C0-A088B916DA15}.Debug|x86.Build.0 = Debug|Win32
		{185E4273-C397-459C-85C0-A088B916DA15}.Release|x64.ActiveCfg = Debug|x64
		{185E4273-C397-459C-85C0-A088B916DA15}.Release|x64.Build.0 = Debug|x64
		{185E4273-C397-459C-85C0-A088B916DA15}.Release|x86.ActiveCfg = Release|Win32
		{185E4273-C397-459C-85C0-A088B916DA15}.Release|x86.Build.0 = Release|Win32
		{47A45B64-ECB9-4D36-BDBC-074BE01A9451}.Debug|x64.ActiveCfg = Debug|x64
		{47A45B64-ECB9-4D36-BDBC-074BE01A9451}.Debug|x64.Build.0 = Debug|x64
		{47A45B64-ECB9-4D36-BDBC-074BE01A9451}.Debug|x86.ActiveCfg = Debug|Win32
		{47A45B64-ECB9-4D36-BDBC-074BE01A9451}.Debug|x86.Build.0 = Debug|Win32
		{47A45B64-ECB9-4D36-BDBC-074BE01A9451}.Release|x64.ActiveCfg = Debug|x64
		{47A45B64-ECB9-4D36-BDBC-074BE01A9451}.Release|x64.Build.0 = Debug|x64
		{47A45B64-ECB9-4D36-BDBC-074BE01A9451}.Release|x86.ActiveCfg = Release|Win32
		{47A45B64-ECB9-4D36-BDBC-074BE01A9451}.Release|x86.Build.0 = Release|Win32
		{926E0926-1868-4EBD-AD18-D70F29E5B1FD}.Debug|x64.ActiveCfg = Debug|x64
		{926E0926-1868-4EBD-AD18-D70F29E5B1FD}.Debug|x64.Build.0 = Debug|x64
		{926E0926-1868-4EBD-AD18-D70F29E5B1FD}.Debug|x86.ActiveCfg = Debug|Win32
		{926E0926-1868-4EBD-AD18-D70F29E5B1FD}.Debug|x86.Build.0 = Debug|Win32
		{926E0926-1868-4EBD-AD18-D70F29E5B1FD}.Release|x64.ActiveCfg = Debug|x64
		{926E0926-1868-4EBD-AD18-D70F29E5B1FD}.Release|x64.Build.0 = Debug|x64
		{926E0926-1868-4EBD-AD18-D70F29E5B1FD}.Release|x86.ActiveCfg = Release|Win32
		{926E0926-1868-4EBD-AD18-D70F29E5B1FD}.Release|x86.Build.0 = Release|Win32
		{4B09FBF4-FD78-48E0-B335-99E8084F24DF}.Debug|x64.ActiveCfg = Debug|x64
		{4B09FBF4-FD78-48E0-B335-99E8084F24DF}.Debug|x64.Build.0 = Debug|x64
		{4B09FBF4-FD78-48E0-B335-99E8084F24DF}.Debug|x86.ActiveCfg = Debug|Win32
		{4B09FBF4-FD78-48E0-B335-99E8084F24DF}.Debug|x86.Build.0 = Debug|Win32
		{4B09FBF4-FD78-48E0-B335-99E8084F24DF}.Release|x64.ActiveCfg = Debug|x64
		{4B09FBF4-FD78-48E0-B335-99E8084F24DF}.Release|x64.Build.0 = Debug|x64
		{4B09FBF4-FD78-48E0-B335-99E8084F24DF}.Release|x86.ActiveCfg = Release|Win32
		{4B09FBF4-FD78-48E0-B335-99E8084F24DF}.Release|x86.Build.0 = Release|Win32
		{6DA9F881-96F8-4816-88C8-3A2258A19BD8}.Debug|x64.ActiveCfg = Debug|x64
		{6DA9F881-96F8-4816-88C8-3A2258A19BD8}.Debug|x64.Build.0 = Debug|x64
		{6DA9F881-96F8-4816-88C8-3A2258A19BD8}.Debug|x86.ActiveCfg = Debug|Win32
		{6DA9F881-96F8-4816-88C8-3A2258A19BD8}.Debug|x86.Build.0 = Debug|Win32
		{6DA9F881-96F8-4816-88C8-3A2258A19BD8}.Release|x64.ActiveCfg = Debug|x64
		{6DA9F881-96F8-4816-88C8-3A2258A19BD8}.Release|x64.Build.0 = Debug|x64
		{6DA9F881-96F8-4816-88C8-3A2258A19BD8}.Release|x86.ActiveCfg = Release|Win32
		{6DA9F881-96F8-4816-88C8-3A2258A19BD8}.Release|x86.Build.0 = Release|Win32
	EndGlobalSection
	GlobalSection(SolutionProperties) = preSolution
		HideSolutionNode = FALSE
	EndGlobalSection
	GlobalSection(ExtensibilityGlobals) = postSolution
		SolutionGuid = {E655F090-161B-45B6-B96A-DB539CC2581F}
	EndGlobalSection
EndGlobal
